<?xml version="1.0" encoding="utf-8"?>
<Project ToolsVersion="4.0" xmlns="http://schemas.microsoft.com/developer/msbuild/2003">
  <ItemGroup>
    <Filter Include="src">
      <UniqueIdentifier>{61cf34a6-a514-46f7-8c22-7d8a5b9efd10}</UniqueIdentifier>
    </Filter>
    <Filter Include="src\HanRiverLib">
      <UniqueIdentifier>{aca58de9-d00e-4537-b7a9-b0b8d6e568f0}</UniqueIdentifier>
    </Filter>
    <Filter Include="src\HanRiverLib\Calibration">
      <UniqueIdentifier>{5336cf1f-ec39-4805-b41e-d1279a8fa3a9}</UniqueIdentifier>
    </Filter>
    <Filter Include="src\HanRiverLib\Devices">
      <UniqueIdentifier>{4724f78b-e1ac-4209-a141-c3d7af4d51b3}</UniqueIdentifier>
    </Filter>
    <Filter Include="src\HanRiverLib\ProCam">
      <UniqueIdentifier>{1ce596d1-d6e0-4a44-b2a0-d0c44e238dbe}</UniqueIdentifier>
    </Filter>
    <Filter Include="src\HanRiverLib\Correlation">
      <UniqueIdentifier>{b9a4be9f-4a13-4d3a-b6a0-52c3db24d127}</UniqueIdentifier>
    </Filter>
    <Filter Include="src\HanRiverLib\Common">
      <UniqueIdentifier>{51106484-0e1a-4c6a-896b-1fcf53d61726}</UniqueIdentifier>
    </Filter>
  </ItemGroup>
  <ItemGroup>
    <ClInclude Include="src\HanRiverLib.h">
      <Filter>src</Filter>
    </ClInclude>
    <ClInclude Include="src\HanRiverLib\Calibration\BoardFrame.h">
      <Filter>src\HanRiverLib\Calibration</Filter>
    </ClInclude>
    <ClInclude Include="src\HanRiverLib\Calibration\CameraPair.h">
      <Filter>src\HanRiverLib\Calibration</Filter>
    </ClInclude>
    <ClInclude Include="src\HanRiverLib\Calibration\ExtrinsicsFinder.h">
      <Filter>src\HanRiverLib\Calibration</Filter>
    </ClInclude>
    <ClInclude Include="src\HanRiverLib\Calibration\GlobalBoardFinder.h">
      <Filter>src\HanRiverLib\Calibration</Filter>
    </ClInclude>
    <ClInclude Include="src\HanRiverLib\Calibration\CameraHead.h">
      <Filter>src\HanRiverLib\Calibration</Filter>
    </ClInclude>
    <ClInclude Include="src\HanRiverLib\Calibration\CameraSet.h">
      <Filter>src\HanRiverLib\Calibration</Filter>
    </ClInclude>
    <ClInclude Include="src\HanRiverLib\Calibration\CameraSetContent.h">
      <Filter>src\HanRiverLib\Calibration</Filter>
    </ClInclude>
    <ClInclude Include="src\HanRiverLib\ProCam\ProCam.h">
      <Filter>src\HanRiverLib\ProCam</Filter>
    </ClInclude>
    <ClInclude Include="src\HanRiverLib\ProCam\ProCamSet.h">
      <Filter>src\HanRiverLib\ProCam</Filter>
    </ClInclude>
    <ClInclude Include="src\HanRiverLib\Correlation\ProjectorPixelSet.h">
      <Filter>src\HanRiverLib\Correlation</Filter>
    </ClInclude>
    <ClInclude Include="src\HanRiverLib\Common\ProCamID.h">
      <Filter>src\HanRiverLib\Common</Filter>
    </ClInclude>
    <ClInclude Include="src\HanRiverLib\Correlation\RayIntersect.h">
      <Filter>src\HanRiverLib\Correlation</Filter>
    </ClInclude>
    <ClInclude Include="src\HanRiverLib\Common\ProPixelID.h">
      <Filter>src\HanRiverLib\Common</Filter>
    </ClInclude>
    <ClInclude Include="src\HanRiverLib\Common\ID.h">
      <Filter>src\HanRiverLib\Common</Filter>
    </ClInclude>
    <ClInclude Include="src\HanRiverLib\Common\ProCamPPixelID.h">
      <Filter>src\HanRiverLib\Common</Filter>
    </ClInclude>
  </ItemGroup>
  <ItemGroup>
    <ClCompile Include="src\HanRiverLib\Calibration\BoardFrame.cpp">
      <Filter>src\HanRiverLib\Calibration</Filter>
    </ClCompile>
    <ClCompile Include="src\HanRiverLib\Calibration\ExtrinsicsFinder.cpp">
      <Filter>src\HanRiverLib\Calibration</Filter>
    </ClCompile>
    <ClCompile Include="src\HanRiverLib\Calibration\CameraHead.cpp">
      <Filter>src\HanRiverLib\Calibration</Filter>
    </ClCompile>
    <ClCompile Include="src\HanRiverLib\Calibration\GlobalBoardFinder.cpp">
      <Filter>src\HanRiverLib\Calibration</Filter>
    </ClCompile>
    <ClCompile Include="src\HanRiverLib\Calibration\CameraSet.cpp">
      <Filter>src\HanRiverLib\Calibration</Filter>
    </ClCompile>
    <ClCompile Include="src\HanRiverLib\Calibration\CameraSetContent.cpp">
      <Filter>src\HanRiverLib\Calibration</Filter>
    </ClCompile>
    <ClCompile Include="src\HanRiverLib\ProCam\ProCam.cpp">
      <Filter>src\HanRiverLib\ProCam</Filter>
    </ClCompile>
    <ClCompile Include="src\HanRiverLib\ProCam\ProCamSet.cpp">
      <Filter>src\HanRiverLib\ProCam</Filter>
    </ClCompile>
    <ClCompile Include="src\HanRiverLib\Correlation\ProjectorPixelSet.cpp">
      <Filter>src\HanRiverLib\Correlation</Filter>
    </ClCompile>
    <ClCompile Include="src\HanRiverLib\Common\ProCamID.cpp">
      <Filter>src\HanRiverLib\Common</Filter>
    </ClCompile>
    <ClCompile Include="src\HanRiverLib\Correlation\RayIntersect.cpp">
      <Filter>src\HanRiverLib\Correlation</Filter>
    </ClCompile>
    <ClCompile Include="src\HanRiverLib\Common\ProPixelID.cpp">
      <Filter>src\HanRiverLib\Common</Filter>
    </ClCompile>
    <ClCompile Include="src\HanRiverLib\Common\ProCamPPixelID.cpp">
      <Filter>src\HanRiverLib\Common</Filter>
    </ClCompile>
  </ItemGroup>
</Project>