<?xml version="1.0" encoding="utf-8"?>
<Project ToolsVersion="4.0" xmlns="http://schemas.microsoft.com/developer/msbuild/2003">
  <ItemGroup>
    <ClCompile Include="src\main.cpp" />
    <ClCompile Include="src\testApp.cpp" />
    <ClCompile Include="..\..\..\addons\ofxCv\libs\ofxCv\src\Calibration.cpp">
      <Filter>ofxCv</Filter>
    </ClCompile>
    <ClCompile Include="..\..\..\addons\ofxCv\libs\ofxCv\src\ContourFinder.cpp">
      <Filter>ofxCv</Filter>
    </ClCompile>
    <ClCompile Include="..\..\..\addons\ofxCv\libs\ofxCv\src\Distance.cpp">
      <Filter>ofxCv</Filter>
    </ClCompile>
    <ClCompile Include="..\..\..\addons\ofxCv\libs\ofxCv\src\Helpers.cpp">
      <Filter>ofxCv</Filter>
    </ClCompile>
    <ClCompile Include="..\..\..\addons\ofxCv\libs\ofxCv\src\Tracker.cpp">
      <Filter>ofxCv</Filter>
    </ClCompile>
    <ClCompile Include="..\..\..\addons\ofxCv\libs\ofxCv\src\Utilities.cpp">
      <Filter>ofxCv</Filter>
    </ClCompile>
    <ClCompile Include="..\..\..\addons\ofxCv\libs\ofxCv\src\Wrappers.cpp">
      <Filter>ofxCv</Filter>
    </ClCompile>
  </ItemGroup>
  <ItemGroup>
    <ClInclude Include="src\testApp.h" />
    <ClInclude Include="..\..\..\addons\ofxCv\src\ofxCv.h">
      <Filter>ofxCv</Filter>
    </ClInclude>
  </ItemGroup>
  <ItemGroup>
    <Filter Include="ofxCv">
      <UniqueIdentifier>{0011c522-d841-42c4-8dcd-6b5f99104287}</UniqueIdentifier>
    </Filter>
  </ItemGroup>
</Project>