<?xml version="1.0" encoding="utf-8"?>
<Project ToolsVersion="4.0" xmlns="http://schemas.microsoft.com/developer/msbuild/2003">
  <ItemGroup>
    <ClCompile Include="src\main.cpp" />
    <ClCompile Include="src\testApp.cpp" />
    <ClCompile Include="..\..\..\addons\ofxGrabCam\src\ofxGrabCam.cpp">
      <Filter>ofxGrabCam</Filter>
    </ClCompile>
  </ItemGroup>
  <ItemGroup>
    <ClInclude Include="src\testApp.h" />
    <ClInclude Include="..\..\..\addons\ofxGrabCam\src\ofxGrabCam.h">
      <Filter>ofxGrabCam</Filter>
    </ClInclude>
  </ItemGroup>
  <ItemGroup>
    <None Include="bin\data\instructions.txt" />
  </ItemGroup>
  <ItemGroup>
    <Filter Include="ofxGrabCam">
      <UniqueIdentifier>{1223733a-a4a4-4888-bc0a-d302f2604022}</UniqueIdentifier>
    </Filter>
  </ItemGroup>
</Project>